// !$*UTF8*$!
{
	archiveVersion = 1;
	classes = {
	};
	objectVersion = 55;
	objects = {

/* Begin PBXBuildFile section */
		9B1CC6F528B0951E00F4EF09 /* MyBills.xcdatamodeld in Sources */ = {isa = PBXBuildFile; fileRef = 9B1CC6E228B0951A00F4EF09 /* MyBills.xcdatamodeld */; };
		9B1CC6F628B0951E00F4EF09 /* MyBills.xcdatamodeld in Sources */ = {isa = PBXBuildFile; fileRef = 9B1CC6E228B0951A00F4EF09 /* MyBills.xcdatamodeld */; };
		9B1CC6F728B0951E00F4EF09 /* MyBillsApp.swift in Sources */ = {isa = PBXBuildFile; fileRef = 9B1CC6E428B0951A00F4EF09 /* MyBillsApp.swift */; };
		9B1CC6F828B0951E00F4EF09 /* MyBillsApp.swift in Sources */ = {isa = PBXBuildFile; fileRef = 9B1CC6E428B0951A00F4EF09 /* MyBillsApp.swift */; };
		9B1CC6F928B0951E00F4EF09 /* ContentView.swift in Sources */ = {isa = PBXBuildFile; fileRef = 9B1CC6E528B0951A00F4EF09 /* ContentView.swift */; };
		9B1CC6FA28B0951E00F4EF09 /* ContentView.swift in Sources */ = {isa = PBXBuildFile; fileRef = 9B1CC6E528B0951A00F4EF09 /* ContentView.swift */; };
		9B1CC6FB28B0951E00F4EF09 /* Persistence.swift in Sources */ = {isa = PBXBuildFile; fileRef = 9B1CC6E628B0951A00F4EF09 /* Persistence.swift */; };
		9B1CC6FC28B0951E00F4EF09 /* Persistence.swift in Sources */ = {isa = PBXBuildFile; fileRef = 9B1CC6E628B0951A00F4EF09 /* Persistence.swift */; };
		9B1CC6FD28B0951E00F4EF09 /* Assets.xcassets in Resources */ = {isa = PBXBuildFile; fileRef = 9B1CC6E728B0951D00F4EF09 /* Assets.xcassets */; };
		9B1CC6FE28B0951E00F4EF09 /* Assets.xcassets in Resources */ = {isa = PBXBuildFile; fileRef = 9B1CC6E728B0951D00F4EF09 /* Assets.xcassets */; };
		9B1CC70928B095ED00F4EF09 /* MainView.swift in Sources */ = {isa = PBXBuildFile; fileRef = 9B1CC70828B095ED00F4EF09 /* MainView.swift */; };
/* End PBXBuildFile section */

/* Begin PBXFileReference section */
		9B1CC6E328B0951A00F4EF09 /* Shared.xcdatamodel */ = {isa = PBXFileReference; lastKnownFileType = wrapper.xcdatamodel; path = Shared.xcdatamodel; sourceTree = "<group>"; };
		9B1CC6E428B0951A00F4EF09 /* MyBillsApp.swift */ = {isa = PBXFileReference; lastKnownFileType = sourcecode.swift; path = MyBillsApp.swift; sourceTree = "<group>"; };
		9B1CC6E528B0951A00F4EF09 /* ContentView.swift */ = {isa = PBXFileReference; lastKnownFileType = sourcecode.swift; path = ContentView.swift; sourceTree = "<group>"; };
		9B1CC6E628B0951A00F4EF09 /* Persistence.swift */ = {isa = PBXFileReference; lastKnownFileType = sourcecode.swift; path = Persistence.swift; sourceTree = "<group>"; };
		9B1CC6E728B0951D00F4EF09 /* Assets.xcassets */ = {isa = PBXFileReference; lastKnownFileType = folder.assetcatalog; path = Assets.xcassets; sourceTree = "<group>"; };
		9B1CC6EC28B0951D00F4EF09 /* MyBills.app */ = {isa = PBXFileReference; explicitFileType = wrapper.application; includeInIndex = 0; path = MyBills.app; sourceTree = BUILT_PRODUCTS_DIR; };
		9B1CC6F228B0951E00F4EF09 /* MyBills.app */ = {isa = PBXFileReference; explicitFileType = wrapper.application; includeInIndex = 0; path = MyBills.app; sourceTree = BUILT_PRODUCTS_DIR; };
		9B1CC6F428B0951E00F4EF09 /* macOS.entitlements */ = {isa = PBXFileReference; lastKnownFileType = text.plist.entitlements; path = macOS.entitlements; sourceTree = "<group>"; };
		9B1CC70828B095ED00F4EF09 /* MainView.swift */ = {isa = PBXFileReference; lastKnownFileType = sourcecode.swift; path = MainView.swift; sourceTree = "<group>"; };
/* End PBXFileReference section */

/* Begin PBXFrameworksBuildPhase section */
		9B1CC6E928B0951D00F4EF09 /* Frameworks */ = {
			isa = PBXFrameworksBuildPhase;
			buildActionMask = 2147483647;
			files = (
			);
			runOnlyForDeploymentPostprocessing = 0;
		};
		9B1CC6EF28B0951E00F4EF09 /* Frameworks */ = {
			isa = PBXFrameworksBuildPhase;
			buildActionMask = 2147483647;
			files = (
			);
			runOnlyForDeploymentPostprocessing = 0;
		};
/* End PBXFrameworksBuildPhase section */

/* Begin PBXGroup section */
		9B1CC6DC28B0951A00F4EF09 = {
			isa = PBXGroup;
			children = (
				9B1CC6E128B0951A00F4EF09 /* Shared */,
				9B1CC6F328B0951E00F4EF09 /* macOS */,
				9B1CC6ED28B0951D00F4EF09 /* Products */,
			);
			sourceTree = "<group>";
		};
		9B1CC6E128B0951A00F4EF09 /* Shared */ = {
			isa = PBXGroup;
			children = (
				9B1CC70728B095C100F4EF09 /* Main */,
				9B1CC6E428B0951A00F4EF09 /* MyBillsApp.swift */,
				9B1CC6E528B0951A00F4EF09 /* ContentView.swift */,
				9B1CC6E628B0951A00F4EF09 /* Persistence.swift */,
				9B1CC6E728B0951D00F4EF09 /* Assets.xcassets */,
				9B1CC6E228B0951A00F4EF09 /* MyBills.xcdatamodeld */,
			);
			path = Shared;
			sourceTree = "<group>";
		};
		9B1CC6ED28B0951D00F4EF09 /* Products */ = {
			isa = PBXGroup;
			children = (
				9B1CC6EC28B0951D00F4EF09 /* MyBills.app */,
				9B1CC6F228B0951E00F4EF09 /* MyBills.app */,
			);
			name = Products;
			sourceTree = "<group>";
		};
		9B1CC6F328B0951E00F4EF09 /* macOS */ = {
			isa = PBXGroup;
			children = (
				9B1CC6F428B0951E00F4EF09 /* macOS.entitlements */,
			);
			path = macOS;
			sourceTree = "<group>";
		};
		9B1CC70728B095C100F4EF09 /* Main */ = {
			isa = PBXGroup;
			children = (
				9B1CC70828B095ED00F4EF09 /* MainView.swift */,
			);
			path = Main;
			sourceTree = "<group>";
		};
/* End PBXGroup section */

/* Begin PBXNativeTarget section */
		9B1CC6EB28B0951D00F4EF09 /* MyBills (iOS) */ = {
			isa = PBXNativeTarget;
			buildConfigurationList = 9B1CC70128B0951E00F4EF09 /* Build configuration list for PBXNativeTarget "MyBills (iOS)" */;
			buildPhases = (
				9B1CC6E828B0951D00F4EF09 /* Sources */,
				9B1CC6E928B0951D00F4EF09 /* Frameworks */,
				9B1CC6EA28B0951D00F4EF09 /* Resources */,
			);
			buildRules = (
			);
			dependencies = (
			);
			name = "MyBills (iOS)";
			productName = "MyBills (iOS)";
			productReference = 9B1CC6EC28B0951D00F4EF09 /* MyBills.app */;
			productType = "com.apple.product-type.application";
		};
		9B1CC6F128B0951E00F4EF09 /* MyBills (macOS) */ = {
			isa = PBXNativeTarget;
			buildConfigurationList = 9B1CC70428B0951E00F4EF09 /* Build configuration list for PBXNativeTarget "MyBills (macOS)" */;
			buildPhases = (
				9B1CC6EE28B0951E00F4EF09 /* Sources */,
				9B1CC6EF28B0951E00F4EF09 /* Frameworks */,
				9B1CC6F028B0951E00F4EF09 /* Resources */,
			);
			buildRules = (
			);
			dependencies = (
			);
			name = "MyBills (macOS)";
			productName = "MyBills (macOS)";
			productReference = 9B1CC6F228B0951E00F4EF09 /* MyBills.app */;
			productType = "com.apple.product-type.application";
		};
/* End PBXNativeTarget section */

/* Begin PBXProject section */
		9B1CC6DD28B0951A00F4EF09 /* Project object */ = {
			isa = PBXProject;
			attributes = {
				BuildIndependentTargetsInParallel = 1;
				LastSwiftUpdateCheck = 1340;
				LastUpgradeCheck = 1340;
				TargetAttributes = {
					9B1CC6EB28B0951D00F4EF09 = {
						CreatedOnToolsVersion = 13.4.1;
					};
					9B1CC6F128B0951E00F4EF09 = {
						CreatedOnToolsVersion = 13.4.1;
					};
				};
			};
			buildConfigurationList = 9B1CC6E028B0951A00F4EF09 /* Build configuration list for PBXProject "MyBills" */;
			compatibilityVersion = "Xcode 13.0";
			developmentRegion = en;
			hasScannedForEncodings = 0;
			knownRegions = (
				en,
				Base,
			);
			mainGroup = 9B1CC6DC28B0951A00F4EF09;
			productRefGroup = 9B1CC6ED28B0951D00F4EF09 /* Products */;
			projectDirPath = "";
			projectRoot = "";
			targets = (
				9B1CC6EB28B0951D00F4EF09 /* MyBills (iOS) */,
				9B1CC6F128B0951E00F4EF09 /* MyBills (macOS) */,
			);
		};
/* End PBXProject section */

/* Begin PBXResourcesBuildPhase section */
		9B1CC6EA28B0951D00F4EF09 /* Resources */ = {
			isa = PBXResourcesBuildPhase;
			buildActionMask = 2147483647;
			files = (
				9B1CC6FD28B0951E00F4EF09 /* Assets.xcassets in Resources */,
			);
			runOnlyForDeploymentPostprocessing = 0;
		};
		9B1CC6F028B0951E00F4EF09 /* Resources */ = {
			isa = PBXResourcesBuildPhase;
			buildActionMask = 2147483647;
			files = (
				9B1CC6FE28B0951E00F4EF09 /* Assets.xcassets in Resources */,
			);
			runOnlyForDeploymentPostprocessing = 0;
		};
/* End PBXResourcesBuildPhase section */

/* Begin PBXSourcesBuildPhase section */
		9B1CC6E828B0951D00F4EF09 /* Sources */ = {
			isa = PBXSourcesBuildPhase;
			buildActionMask = 2147483647;
			files = (
				9B1CC6F728B0951E00F4EF09 /* MyBillsApp.swift in Sources */,
				9B1CC6FB28B0951E00F4EF09 /* Persistence.swift in Sources */,
				9B1CC6F528B0951E00F4EF09 /* MyBills.xcdatamodeld in Sources */,
				9B1CC70928B095ED00F4EF09 /* MainView.swift in Sources */,
				9B1CC6F928B0951E00F4EF09 /* ContentView.swift in Sources */,
			);
			runOnlyForDeploymentPostprocessing = 0;
		};
		9B1CC6EE28B0951E00F4EF09 /* Sources */ = {
			isa = PBXSourcesBuildPhase;
			buildActionMask = 2147483647;
			files = (
				9B1CC6F828B0951E00F4EF09 /* MyBillsApp.swift in Sources */,
				9B1CC6FC28B0951E00F4EF09 /* Persistence.swift in Sources */,
				9B1CC6F628B0951E00F4EF09 /* MyBills.xcdatamodeld in Sources */,
				9B1CC6FA28B0951E00F4EF09 /* ContentView.swift in Sources */,
			);
			runOnlyForDeploymentPostprocessing = 0;
		};
/* End PBXSourcesBuildPhase section */

/* Begin XCBuildConfiguration section */
		9B1CC6FF28B0951E00F4EF09 /* Debug */ = {
			isa = XCBuildConfiguration;
			buildSettings = {
				ALWAYS_SEARCH_USER_PATHS = NO;
				CLANG_ANALYZER_NONNULL = YES;
				CLANG_ANALYZER_NUMBER_OBJECT_CONVERSION = YES_AGGRESSIVE;
				CLANG_CXX_LANGUAGE_STANDARD = "gnu++17";
				CLANG_ENABLE_MODULES = YES;
				CLANG_ENABLE_OBJC_ARC = YES;
				CLANG_ENABLE_OBJC_WEAK = YES;
				CLANG_WARN_BLOCK_CAPTURE_AUTORELEASING = YES;
				CLANG_WARN_BOOL_CONVERSION = YES;
				CLANG_WARN_COMMA = YES;
				CLANG_WARN_CONSTANT_CONVERSION = YES;
				CLANG_WARN_DEPRECATED_OBJC_IMPLEMENTATIONS = YES;
				CLANG_WARN_DIRECT_OBJC_ISA_USAGE = YES_ERROR;
				CLANG_WARN_DOCUMENTATION_COMMENTS = YES;
				CLANG_WARN_EMPTY_BODY = YES;
				CLANG_WARN_ENUM_CONVERSION = YES;
				CLANG_WARN_INFINITE_RECURSION = YES;
				CLANG_WARN_INT_CONVERSION = YES;
				CLANG_WARN_NON_LITERAL_NULL_CONVERSION = YES;
				CLANG_WARN_OBJC_IMPLICIT_RETAIN_SELF = YES;
				CLANG_WARN_OBJC_LITERAL_CONVERSION = YES;
				CLANG_WARN_OBJC_ROOT_CLASS = YES_ERROR;
				CLANG_WARN_QUOTED_INCLUDE_IN_FRAMEWORK_HEADER = YES;
				CLANG_WARN_RANGE_LOOP_ANALYSIS = YES;
				CLANG_WARN_STRICT_PROTOTYPES = YES;
				CLANG_WARN_SUSPICIOUS_MOVE = YES;
				CLANG_WARN_UNGUARDED_AVAILABILITY = YES_AGGRESSIVE;
				CLANG_WARN_UNREACHABLE_CODE = YES;
				CLANG_WARN__DUPLICATE_METHOD_MATCH = YES;
				COPY_PHASE_STRIP = NO;
				DEBUG_INFORMATION_FORMAT = dwarf;
				ENABLE_STRICT_OBJC_MSGSEND = YES;
				ENABLE_TESTABILITY = YES;
				GCC_C_LANGUAGE_STANDARD = gnu11;
				GCC_DYNAMIC_NO_PIC = NO;
				GCC_NO_COMMON_BLOCKS = YES;
				GCC_OPTIMIZATION_LEVEL = 0;
				GCC_PREPROCESSOR_DEFINITIONS = (
					"DEBUG=1",
					"$(inherited)",
				);
				GCC_WARN_64_TO_32_BIT_CONVERSION = YES;
				GCC_WARN_ABOUT_RETURN_TYPE = YES_ERROR;
				GCC_WARN_UNDECLARED_SELECTOR = YES;
				GCC_WARN_UNINITIALIZED_AUTOS = YES_AGGRESSIVE;
				GCC_WARN_UNUSED_FUNCTION = YES;
				GCC_WARN_UNUSED_VARIABLE = YES;
				MTL_ENABLE_DEBUG_INFO = INCLUDE_SOURCE;
				MTL_FAST_MATH = YES;
				ONLY_ACTIVE_ARCH = YES;
				SWIFT_ACTIVE_COMPILATION_CONDITIONS = DEBUG;
				SWIFT_OPTIMIZATION_LEVEL = "-Onone";
			};
			name = Debug;
		};
		9B1CC70028B0951E00F4EF09 /* Release */ = {
			isa = XCBuildConfiguration;
			buildSettings = {
				ALWAYS_SEARCH_USER_PATHS = NO;
				CLANG_ANALYZER_NONNULL = YES;
				CLANG_ANALYZER_NUMBER_OBJECT_CONVERSION = YES_AGGRESSIVE;
				CLANG_CXX_LANGUAGE_STANDARD = "gnu++17";
				CLANG_ENABLE_MODULES = YES;
				CLANG_ENABLE_OBJC_ARC = YES;
				CLANG_ENABLE_OBJC_WEAK = YES;
				CLANG_WARN_BLOCK_CAPTURE_AUTORELEASING = YES;
				CLANG_WARN_BOOL_CONVERSION = YES;
				CLANG_WARN_COMMA = YES;
				CLANG_WARN_CONSTANT_CONVERSION = YES;
				CLANG_WARN_DEPRECATED_OBJC_IMPLEMENTATIONS = YES;
				CLANG_WARN_DIRECT_OBJC_ISA_USAGE = YES_ERROR;
				CLANG_WARN_DOCUMENTATION_COMMENTS = YES;
				CLANG_WARN_EMPTY_BODY = YES;
				CLANG_WARN_ENUM_CONVERSION = YES;
				CLANG_WARN_INFINITE_RECURSION = YES;
				CLANG_WARN_INT_CONVERSION = YES;
				CLANG_WARN_NON_LITERAL_NULL_CONVERSION = YES;
				CLANG_WARN_OBJC_IMPLICIT_RETAIN_SELF = YES;
				CLANG_WARN_OBJC_LITERAL_CONVERSION = YES;
				CLANG_WARN_OBJC_ROOT_CLASS = YES_ERROR;
				CLANG_WARN_QUOTED_INCLUDE_IN_FRAMEWORK_HEADER = YES;
				CLANG_WARN_RANGE_LOOP_ANALYSIS = YES;
				CLANG_WARN_STRICT_PROTOTYPES = YES;
				CLANG_WARN_SUSPICIOUS_MOVE = YES;
				CLANG_WARN_UNGUARDED_AVAILABILITY = YES_AGGRESSIVE;
				CLANG_WARN_UNREACHABLE_CODE = YES;
				CLANG_WARN__DUPLICATE_METHOD_MATCH = YES;
				COPY_PHASE_STRIP = NO;
				DEBUG_INFORMATION_FORMAT = "dwarf-with-dsym";
				ENABLE_NS_ASSERTIONS = NO;
				ENABLE_STRICT_OBJC_MSGSEND = YES;
				GCC_C_LANGUAGE_STANDARD = gnu11;
				GCC_NO_COMMON_BLOCKS = YES;
				GCC_WARN_64_TO_32_BIT_CONVERSION = YES;
				GCC_WARN_ABOUT_RETURN_TYPE = YES_ERROR;
				GCC_WARN_UNDECLARED_SELECTOR = YES;
				GCC_WARN_UNINITIALIZED_AUTOS = YES_AGGRESSIVE;
				GCC_WARN_UNUSED_FUNCTION = YES;
				GCC_WARN_UNUSED_VARIABLE = YES;
				MTL_ENABLE_DEBUG_INFO = NO;
				MTL_FAST_MATH = YES;
				SWIFT_COMPILATION_MODE = wholemodule;
				SWIFT_OPTIMIZATION_LEVEL = "-O";
			};
			name = Release;
		};
		9B1CC70228B0951E00F4EF09 /* Debug */ = {
			isa = XCBuildConfiguration;
			buildSettings = {
				ASSETCATALOG_COMPILER_APPICON_NAME = AppIcon;
				ASSETCATALOG_COMPILER_GLOBAL_ACCENT_COLOR_NAME = AccentColor;
				CODE_SIGN_STYLE = Automatic;
				CURRENT_PROJECT_VERSION = 1;
				DEVELOPMENT_TEAM = K7B78892K9;
				ENABLE_PREVIEWS = YES;
				GENERATE_INFOPLIST_FILE = YES;
				INFOPLIST_KEY_UIApplicationSceneManifest_Generation = YES;
				INFOPLIST_KEY_UIApplicationSupportsIndirectInputEvents = YES;
				INFOPLIST_KEY_UILaunchScreen_Generation = YES;
				INFOPLIST_KEY_UISupportedInterfaceOrientations_iPad = "UIInterfaceOrientationPortrait UIInterfaceOrientationPortraitUpsideDown UIInterfaceOrientationLandscapeLeft UIInterfaceOrientationLandscapeRight";
				INFOPLIST_KEY_UISupportedInterfaceOrientations_iPhone = "UIInterfaceOrientationPortrait UIInterfaceOrientationLandscapeLeft UIInterfaceOrientationLandscapeRight";
				IPHONEOS_DEPLOYMENT_TARGET = 15.5;
				LD_RUNPATH_SEARCH_PATHS = (
					"$(inherited)",
					"@executable_path/Frameworks",
				);
				MARKETING_VERSION = 1.0;
				PRODUCT_BUNDLE_IDENTIFIER = com.carloshperc..MyBills;
				PRODUCT_NAME = MyBills;
				SDKROOT = iphoneos;
				SWIFT_EMIT_LOC_STRINGS = YES;
				SWIFT_VERSION = 5.0;
				TARGETED_DEVICE_FAMILY = "1,2";
			};
			name = Debug;
		};
		9B1CC70328B0951E00F4EF09 /* Release */ = {
			isa = XCBuildConfiguration;
			buildSettings = {
				ASSETCATALOG_COMPILER_APPICON_NAME = AppIcon;
				ASSETCATALOG_COMPILER_GLOBAL_ACCENT_COLOR_NAME = AccentColor;
				CODE_SIGN_STYLE = Automatic;
				CURRENT_PROJECT_VERSION = 1;
				DEVELOPMENT_TEAM = K7B78892K9;
				ENABLE_PREVIEWS = YES;
				GENERATE_INFOPLIST_FILE = YES;
				INFOPLIST_KEY_UIApplicationSceneManifest_Generation = YES;
				INFOPLIST_KEY_UIApplicationSupportsIndirectInputEvents = YES;
				INFOPLIST_KEY_UILaunchScreen_Generation = YES;
				INFOPLIST_KEY_UISupportedInterfaceOrientations_iPad = "UIInterfaceOrientationPortrait UIInterfaceOrientationPortraitUpsideDown UIInterfaceOrientationLandscapeLeft UIInterfaceOrientationLandscapeRight";
				INFOPLIST_KEY_UISupportedInterfaceOrientations_iPhone = "UIInterfaceOrientationPortrait UIInterfaceOrientationLandscapeLeft UIInterfaceOrientationLandscapeRight";
				IPHONEOS_DEPLOYMENT_TARGET = 15.5;
				LD_RUNPATH_SEARCH_PATHS = (
					"$(inherited)",
					"@executable_path/Frameworks",
				);
				MARKETING_VERSION = 1.0;
				PRODUCT_BUNDLE_IDENTIFIER = com.carloshperc..MyBills;
				PRODUCT_NAME = MyBills;
				SDKROOT = iphoneos;
				SWIFT_EMIT_LOC_STRINGS = YES;
				SWIFT_VERSION = 5.0;
				TARGETED_DEVICE_FAMILY = "1,2";
				VALIDATE_PRODUCT = YES;
			};
			name = Release;
		};
		9B1CC70528B0951E00F4EF09 /* Debug */ = {
			isa = XCBuildConfiguration;
			buildSettings = {
				ASSETCATALOG_COMPILER_APPICON_NAME = AppIcon;
				ASSETCATALOG_COMPILER_GLOBAL_ACCENT_COLOR_NAME = AccentColor;
				CODE_SIGN_ENTITLEMENTS = macOS/macOS.entitlements;
				CODE_SIGN_STYLE = Automatic;
				COMBINE_HIDPI_IMAGES = YES;
				CURRENT_PROJECT_VERSION = 1;
				DEVELOPMENT_TEAM = K7B78892K9;
				ENABLE_HARDENED_RUNTIME = YES;
				ENABLE_PREVIEWS = YES;
				GENERATE_INFOPLIST_FILE = YES;
				INFOPLIST_KEY_NSHumanReadableCopyright = "";
				LD_RUNPATH_SEARCH_PATHS = (
					"$(inherited)",
					"@executable_path/../Frameworks",
				);
				MACOSX_DEPLOYMENT_TARGET = 12.3;
				MARKETING_VERSION = 1.0;
				PRODUCT_BUNDLE_IDENTIFIER = com.carloshperc..MyBills;
				PRODUCT_NAME = MyBills;
				SDKROOT = macosx;
				SWIFT_EMIT_LOC_STRINGS = YES;
				SWIFT_VERSION = 5.0;
			};
			name = Debug;
		};
		9B1CC70628B0951E00F4EF09 /* Release */ = {
			isa = XCBuildConfiguration;
			buildSettings = {
				ASSETCATALOG_COMPILER_APPICON_NAME = AppIcon;
				ASSETCATALOG_COMPILER_GLOBAL_ACCENT_COLOR_NAME = AccentColor;
				CODE_SIGN_ENTITLEMENTS = macOS/macOS.entitlements;
				CODE_SIGN_STYLE = Automatic;
				COMBINE_HIDPI_IMAGES = YES;
				CURRENT_PROJECT_VERSION = 1;
				DEVELOPMENT_TEAM = K7B78892K9;
				ENABLE_HARDENED_RUNTIME = YES;
				ENABLE_PREVIEWS = YES;
				GENERATE_INFOPLIST_FILE = YES;
				INFOPLIST_KEY_NSHumanReadableCopyright = "";
				LD_RUNPATH_SEARCH_PATHS = (
					"$(inherited)",
					"@executable_path/../Frameworks",
				);
				MACOSX_DEPLOYMENT_TARGET = 12.3;
				MARKETING_VERSION = 1.0;
				PRODUCT_BUNDLE_IDENTIFIER = com.carloshperc..MyBills;
				PRODUCT_NAME = MyBills;
				SDKROOT = macosx;
				SWIFT_EMIT_LOC_STRINGS = YES;
				SWIFT_VERSION = 5.0;
			};
			name = Release;
		};
/* End XCBuildConfiguration section */

/* Begin XCConfigurationList section */
		9B1CC6E028B0951A00F4EF09 /* Build configuration list for PBXProject "MyBills" */ = {
			isa = XCConfigurationList;
			buildConfigurations = (
				9B1CC6FF28B0951E00F4EF09 /* Debug */,
				9B1CC70028B0951E00F4EF09 /* Release */,
			);
			defaultConfigurationIsVisible = 0;
			defaultConfigurationName = Release;
		};
		9B1CC70128B0951E00F4EF09 /* Build configuration list for PBXNativeTarget "MyBills (iOS)" */ = {
			isa = XCConfigurationList;
			buildConfigurations = (
				9B1CC70228B0951E00F4EF09 /* Debug */,
				9B1CC70328B0951E00F4EF09 /* Release */,
			);
			defaultConfigurationIsVisible = 0;
			defaultConfigurationName = Release;
		};
		9B1CC70428B0951E00F4EF09 /* Build configuration list for PBXNativeTarget "MyBills (macOS)" */ = {
			isa = XCConfigurationList;
			buildConfigurations = (
				9B1CC70528B0951E00F4EF09 /* Debug */,
				9B1CC70628B0951E00F4EF09 /* Release */,
			);
			defaultConfigurationIsVisible = 0;
			defaultConfigurationName = Release;
		};
/* End XCConfigurationList section */

/* Begin XCVersionGroup section */
		9B1CC6E228B0951A00F4EF09 /* MyBills.xcdatamodeld */ = {
			isa = XCVersionGroup;
			children = (
				9B1CC6E328B0951A00F4EF09 /* Shared.xcdatamodel */,
			);
			currentVersion = 9B1CC6E328B0951A00F4EF09 /* Shared.xcdatamodel */;
			path = MyBills.xcdatamodeld;
			sourceTree = "<group>";
			versionGroupType = wrapper.xcdatamodel;
		};
/* End XCVersionGroup section */
	};
	rootObject = 9B1CC6DD28B0951A00F4EF09 /* Project object */;
}
